Microsoft Visual Studio Solution File, Format Version 11.00
# Visual Studio 2008

Project("{656245B0-10A2-BAE8-847D-37AEFD36BC01}") = "Sinple RPG", "Assembly-CSharp-firstpass.csproj", "{426E40D4-6A40-7760-1D5D-021C376A0BFD}"
EndProject
Project("{656245B0-10A2-BAE8-847D-37AEFD36BC01}") = "Sinple RPG", "Assembly-CSharp.csproj", "{6FEB7671-F29B-13EC-0D54-7F682DBBC635}"
EndProject
Project("{656245B0-10A2-BAE8-847D-37AEFD36BC01}") = "Sinple RPG", "Assembly-CSharp-Editor-firstpass.csproj", "{C7B5BC6A-7F16-D1BF-16C1-6B85BDC95263}"
EndProject
Global
	GlobalSection(SolutionConfigurationPlatforms) = preSolution
		Debug|Any CPU = Debug|Any CPU
		Release|Any CPU = Release|Any CPU
	EndGlobalSection
	GlobalSection(ProjectConfigurationPlatforms) = postSolution
		{426E40D4-6A40-7760-1D5D-021C376A0BFD}.Debug|Any CPU.ActiveCfg = Debug|Any CPU
		{426E40D4-6A40-7760-1D5D-021C376A0BFD}.Debug|Any CPU.Build.0 = Debug|Any CPU
		{426E40D4-6A40-7760-1D5D-021C376A0BFD}.Release|Any CPU.ActiveCfg = Release|Any CPU
		{426E40D4-6A40-7760-1D5D-021C376A0BFD}.Release|Any CPU.Build.0 = Release|Any CPU
		{6FEB7671-F29B-13EC-0D54-7F682DBBC635}.Debug|Any CPU.ActiveCfg = Debug|Any CPU
		{6FEB7671-F29B-13EC-0D54-7F682DBBC635}.Debug|Any CPU.Build.0 = Debug|Any CPU
		{6FEB7671-F29B-13EC-0D54-7F682DBBC635}.Release|Any CPU.ActiveCfg = Release|Any CPU
		{6FEB7671-F29B-13EC-0D54-7F682DBBC635}.Release|Any CPU.Build.0 = Release|Any CPU
		{C7B5BC6A-7F16-D1BF-16C1-6B85BDC95263}.Debug|Any CPU.ActiveCfg = Debug|Any CPU
		{C7B5BC6A-7F16-D1BF-16C1-6B85BDC95263}.Debug|Any CPU.Build.0 = Debug|Any CPU
		{C7B5BC6A-7F16-D1BF-16C1-6B85BDC95263}.Release|Any CPU.ActiveCfg = Release|Any CPU
		{C7B5BC6A-7F16-D1BF-16C1-6B85BDC95263}.Release|Any CPU.Build.0 = Release|Any CPU
	EndGlobalSection
	GlobalSection(SolutionProperties) = preSolution
		HideSolutionNode = FALSE
	EndGlobalSection
	GlobalSection(MonoDevelopProperties) = preSolution
		StartupItem = Assembly-CSharp.csproj
	EndGlobalSection
EndGlobal
